{
  "name": "drogonclaw",
  "version": "1.0.3",
  "lockfileVersion": 3,
  "requires": true,
  "packages": {
    "": {
      "name": "drogonclaw",
      "version": "1.0.3",
      "cpu": [
        "x64"
      ],
      "license": "MIT",
      "os": [
        "linux"
      ],
      "bin": {
        "drogonclaw": "drogonclaw"
      },
      "engines": {
        "node": ">=18"
      }
    }
  }
}
